
Microsoft Visual Studio Solution File, Format Version 12.00
# Visual Studio Version 16
VisualStudioVersion = 16.0.31911.196
MinimumVisualStudioVersion = 10.0.40219.1
Project("{FAE04EC0-301F-11D3-BF4B-00C04F79EFBC}") = "Mood_Analyzer_Program", "Mood_Analyzer_Program\Mood_Analyzer_Program.csproj", "{65D87A85-5754-45BD-9B8C-5684F7A97355}"
EndProject
Project("{FAE04EC0-301F-11D3-BF4B-00C04F79EFBC}") = "Mood_Analyzer_Test", "Mood_Analyzer_Test\Mood_Analyzer_Test.csproj", "{5A3B4BF1-DA14-4C1A-BAAC-12CDB8CDFB71}"
EndProject
Global
	GlobalSection(SolutionConfigurationPlatforms) = preSolution
		Debug|Any CPU = Debug|Any CPU
		Release|Any CPU = Release|Any CPU
	EndGlobalSection
	GlobalSection(ProjectConfigurationPlatforms) = postSolution
		{65D87A85-5754-45BD-9B8C-5684F7A97355}.Debug|Any CPU.ActiveCfg = Debug|Any CPU
		{65D87A85-5754-45BD-9B8C-5684F7A97355}.Debug|Any CPU.Build.0 = Debug|Any CPU
		{65D87A85-5754-45BD-9B8C-5684F7A97355}.Release|Any CPU.ActiveCfg = Release|Any CPU
		{65D87A85-5754-45BD-9B8C-5684F7A97355}.Release|Any CPU.Build.0 = Release|Any CPU
		{5A3B4BF1-DA14-4C1A-BAAC-12CDB8CDFB71}.Debug|Any CPU.ActiveCfg = Debug|Any CPU
		{5A3B4BF1-DA14-4C1A-BAAC-12CDB8CDFB71}.Debug|Any CPU.Build.0 = Debug|Any CPU
		{5A3B4BF1-DA14-4C1A-BAAC-12CDB8CDFB71}.Release|Any CPU.ActiveCfg = Release|Any CPU
		{5A3B4BF1-DA14-4C1A-BAAC-12CDB8CDFB71}.Release|Any CPU.Build.0 = Release|Any CPU
	EndGlobalSection
	GlobalSection(SolutionProperties) = preSolution
		HideSolutionNode = FALSE
	EndGlobalSection
	GlobalSection(ExtensibilityGlobals) = postSolution
		SolutionGuid = {9C70E5CD-0BEA-4D1C-B4C7-96E7F3307397}
	EndGlobalSection
EndGlobal
